<?xml version="1.0" encoding="utf-8"?>
<Project ToolsVersion="4.0" xmlns="http://schemas.microsoft.com/developer/msbuild/2003">
  <ItemGroup>
    <CudaCompile Include="kernel.cu" />
  </ItemGroup>
  <ItemGroup>
    <ClInclude Include="Color.h">
      <Filter>Header files</Filter>
    </ClInclude>
    <ClInclude Include="Vec3.h">
      <Filter>Header files</Filter>
    </ClInclude>
    <ClInclude Include="Ray.h">
      <Filter>Header files</Filter>
    </ClInclude>
    <ClInclude Include="Hittable.h">
      <Filter>Header files</Filter>
    </ClInclude>
    <ClInclude Include="Sphere.h">
      <Filter>Header files</Filter>
    </ClInclude>
    <ClInclude Include="HittableList.h">
      <Filter>Header files</Filter>
    </ClInclude>
    <ClInclude Include="RTWeekend.h">
      <Filter>Header files</Filter>
    </ClInclude>
    <ClInclude Include="Interval.h">
      <Filter>Header files</Filter>
    </ClInclude>
    <ClInclude Include="camera.h">
      <Filter>Header files</Filter>
    </ClInclude>
    <ClInclude Include="Material.h">
      <Filter>Header files</Filter>
    </ClInclude>
    <ClInclude Include="Metal.h">
      <Filter>Header files</Filter>
    </ClInclude>
    <ClInclude Include="Lambertian.h">
      <Filter>Header files</Filter>
    </ClInclude>
  </ItemGroup>
  <ItemGroup>
    <Filter Include="Header files">
      <UniqueIdentifier>{eab3b42f-6829-4848-9e1c-ef8da52bf5bf}</UniqueIdentifier>
    </Filter>
  </ItemGroup>
</Project>